// !$*UTF8*$!
{
	archiveVersion = 1;
	classes = {
	};
	objectVersion = 51;
	objects = {

/* Begin PBXBuildFile section */
		52009B40246ED4C40010425C /* DetailController.swift in Sources */ = {isa = PBXBuildFile; fileRef = 52009B3F246ED4C40010425C /* DetailController.swift */; };
		52009B42246ED5400010425C /* WriteLookingController.swift in Sources */ = {isa = PBXBuildFile; fileRef = 52009B41246ED5400010425C /* WriteLookingController.swift */; };
		5204F5C5248C53A1002FCB45 /* MapWriteController.swift in Sources */ = {isa = PBXBuildFile; fileRef = 5204F5C4248C53A1002FCB45 /* MapWriteController.swift */; };
		52276A97246ECF1A001CF3F8 /* AppDelegate.swift in Sources */ = {isa = PBXBuildFile; fileRef = 52276A96246ECF1A001CF3F8 /* AppDelegate.swift */; };
		52276A99246ECF1A001CF3F8 /* SceneDelegate.swift in Sources */ = {isa = PBXBuildFile; fileRef = 52276A98246ECF1A001CF3F8 /* SceneDelegate.swift */; };
		52276A9B246ECF1A001CF3F8 /* ViewController.swift in Sources */ = {isa = PBXBuildFile; fileRef = 52276A9A246ECF1A001CF3F8 /* ViewController.swift */; };
		52276A9E246ECF1A001CF3F8 /* Main.storyboard in Resources */ = {isa = PBXBuildFile; fileRef = 52276A9C246ECF1A001CF3F8 /* Main.storyboard */; };
		52276AA1246ECF1A001CF3F8 /* MyLoseApp5.xcdatamodeld in Sources */ = {isa = PBXBuildFile; fileRef = 52276A9F246ECF1A001CF3F8 /* MyLoseApp5.xcdatamodeld */; };
		52276AA3246ECF1C001CF3F8 /* Assets.xcassets in Resources */ = {isa = PBXBuildFile; fileRef = 52276AA2246ECF1C001CF3F8 /* Assets.xcassets */; };
		52276AA6246ECF1C001CF3F8 /* LaunchScreen.storyboard in Resources */ = {isa = PBXBuildFile; fileRef = 52276AA4246ECF1C001CF3F8 /* LaunchScreen.storyboard */; };
		52276AAE246ECF69001CF3F8 /* SearchListController.swift in Sources */ = {isa = PBXBuildFile; fileRef = 52276AAD246ECF69001CF3F8 /* SearchListController.swift */; };
		5263F9AD2482007200CE0E1F /* FindWriteController.swift in Sources */ = {isa = PBXBuildFile; fileRef = 5263F9AC2482007200CE0E1F /* FindWriteController.swift */; };
		52CFB80B24CAED0A0019EC6A /* SearchListCell.swift in Sources */ = {isa = PBXBuildFile; fileRef = 52CFB80A24CAED0A0019EC6A /* SearchListCell.swift */; };
		ADF867D724D039EC0034C440 /* Animal.swift in Sources */ = {isa = PBXBuildFile; fileRef = ADF867D624D039EC0034C440 /* Animal.swift */; };
		ADF867D924D0497E0034C440 /* Constants.swift in Sources */ = {isa = PBXBuildFile; fileRef = ADF867D824D0497E0034C440 /* Constants.swift */; };
		ADF867DB24D053E30034C440 /* GoogleService-Info.plist in Resources */ = {isa = PBXBuildFile; fileRef = ADF867DA24D053E30034C440 /* GoogleService-Info.plist */; };
		D1A74605D20BC3EBD31C9E77 /* Pods_MyLoseApp5.framework in Frameworks */ = {isa = PBXBuildFile; fileRef = DE3AACDCB0DE3C784939C205 /* Pods_MyLoseApp5.framework */; };
/* End PBXBuildFile section */

/* Begin PBXFileReference section */
		31DAE5C66A4264FE30F9D63B /* Pods-MyLoseApp5.release.xcconfig */ = {isa = PBXFileReference; includeInIndex = 1; lastKnownFileType = text.xcconfig; name = "Pods-MyLoseApp5.release.xcconfig"; path = "Target Support Files/Pods-MyLoseApp5/Pods-MyLoseApp5.release.xcconfig"; sourceTree = "<group>"; };
		52009B3F246ED4C40010425C /* DetailController.swift */ = {isa = PBXFileReference; lastKnownFileType = sourcecode.swift; path = DetailController.swift; sourceTree = "<group>"; };
		52009B41246ED5400010425C /* WriteLookingController.swift */ = {isa = PBXFileReference; lastKnownFileType = sourcecode.swift; path = WriteLookingController.swift; sourceTree = "<group>"; };
		5204F5C4248C53A1002FCB45 /* MapWriteController.swift */ = {isa = PBXFileReference; lastKnownFileType = sourcecode.swift; path = MapWriteController.swift; sourceTree = "<group>"; };
		52276A93246ECF1A001CF3F8 /* MyLoseApp5.app */ = {isa = PBXFileReference; explicitFileType = wrapper.application; includeInIndex = 0; path = MyLoseApp5.app; sourceTree = BUILT_PRODUCTS_DIR; };
		52276A96246ECF1A001CF3F8 /* AppDelegate.swift */ = {isa = PBXFileReference; lastKnownFileType = sourcecode.swift; path = AppDelegate.swift; sourceTree = "<group>"; };
		52276A98246ECF1A001CF3F8 /* SceneDelegate.swift */ = {isa = PBXFileReference; lastKnownFileType = sourcecode.swift; path = SceneDelegate.swift; sourceTree = "<group>"; };
		52276A9A246ECF1A001CF3F8 /* ViewController.swift */ = {isa = PBXFileReference; lastKnownFileType = sourcecode.swift; path = ViewController.swift; sourceTree = "<group>"; };
		52276A9D246ECF1A001CF3F8 /* Base */ = {isa = PBXFileReference; lastKnownFileType = file.storyboard; name = Base; path = Base.lproj/Main.storyboard; sourceTree = "<group>"; };
		52276AA0246ECF1A001CF3F8 /* MyLoseApp5.xcdatamodel */ = {isa = PBXFileReference; lastKnownFileType = wrapper.xcdatamodel; path = MyLoseApp5.xcdatamodel; sourceTree = "<group>"; };
		52276AA2246ECF1C001CF3F8 /* Assets.xcassets */ = {isa = PBXFileReference; lastKnownFileType = folder.assetcatalog; path = Assets.xcassets; sourceTree = "<group>"; };
		52276AA5246ECF1C001CF3F8 /* Base */ = {isa = PBXFileReference; lastKnownFileType = file.storyboard; name = Base; path = Base.lproj/LaunchScreen.storyboard; sourceTree = "<group>"; };
		52276AA7246ECF1C001CF3F8 /* Info.plist */ = {isa = PBXFileReference; lastKnownFileType = text.plist.xml; path = Info.plist; sourceTree = "<group>"; };
		52276AAD246ECF69001CF3F8 /* SearchListController.swift */ = {isa = PBXFileReference; lastKnownFileType = sourcecode.swift; path = SearchListController.swift; sourceTree = "<group>"; };
		5263F9AC2482007200CE0E1F /* FindWriteController.swift */ = {isa = PBXFileReference; lastKnownFileType = sourcecode.swift; path = FindWriteController.swift; sourceTree = "<group>"; };
		52CFB80A24CAED0A0019EC6A /* SearchListCell.swift */ = {isa = PBXFileReference; lastKnownFileType = sourcecode.swift; path = SearchListCell.swift; sourceTree = "<group>"; };
		74A5776CE5A987C14E34528D /* Pods-MyLoseApp5.debug.xcconfig */ = {isa = PBXFileReference; includeInIndex = 1; lastKnownFileType = text.xcconfig; name = "Pods-MyLoseApp5.debug.xcconfig"; path = "Target Support Files/Pods-MyLoseApp5/Pods-MyLoseApp5.debug.xcconfig"; sourceTree = "<group>"; };
		ADF867D624D039EC0034C440 /* Animal.swift */ = {isa = PBXFileReference; lastKnownFileType = sourcecode.swift; path = Animal.swift; sourceTree = "<group>"; };
		ADF867D824D0497E0034C440 /* Constants.swift */ = {isa = PBXFileReference; lastKnownFileType = sourcecode.swift; path = Constants.swift; sourceTree = "<group>"; };
		ADF867DA24D053E30034C440 /* GoogleService-Info.plist */ = {isa = PBXFileReference; fileEncoding = 4; lastKnownFileType = text.plist.xml; path = "GoogleService-Info.plist"; sourceTree = "<group>"; };
		DE3AACDCB0DE3C784939C205 /* Pods_MyLoseApp5.framework */ = {isa = PBXFileReference; explicitFileType = wrapper.framework; includeInIndex = 0; path = Pods_MyLoseApp5.framework; sourceTree = BUILT_PRODUCTS_DIR; };
/* End PBXFileReference section */

/* Begin PBXFrameworksBuildPhase section */
		52276A90246ECF1A001CF3F8 /* Frameworks */ = {
			isa = PBXFrameworksBuildPhase;
			buildActionMask = 2147483647;
			files = (
				D1A74605D20BC3EBD31C9E77 /* Pods_MyLoseApp5.framework in Frameworks */,
			);
			runOnlyForDeploymentPostprocessing = 0;
		};
/* End PBXFrameworksBuildPhase section */

/* Begin PBXGroup section */
		40F3773D3CBAD3054A96F95C /* Frameworks */ = {
			isa = PBXGroup;
			children = (
				DE3AACDCB0DE3C784939C205 /* Pods_MyLoseApp5.framework */,
			);
			name = Frameworks;
			sourceTree = "<group>";
		};
		4ACDDEBD57B4C6B475BF06D6 /* Pods */ = {
			isa = PBXGroup;
			children = (
				74A5776CE5A987C14E34528D /* Pods-MyLoseApp5.debug.xcconfig */,
				31DAE5C66A4264FE30F9D63B /* Pods-MyLoseApp5.release.xcconfig */,
			);
			path = Pods;
			sourceTree = "<group>";
		};
		52276A8A246ECF1A001CF3F8 = {
			isa = PBXGroup;
			children = (
				52276A95246ECF1A001CF3F8 /* MyLoseApp5 */,
				52276A94246ECF1A001CF3F8 /* Products */,
				4ACDDEBD57B4C6B475BF06D6 /* Pods */,
				40F3773D3CBAD3054A96F95C /* Frameworks */,
			);
			sourceTree = "<group>";
		};
		52276A94246ECF1A001CF3F8 /* Products */ = {
			isa = PBXGroup;
			children = (
				52276A93246ECF1A001CF3F8 /* MyLoseApp5.app */,
			);
			name = Products;
			sourceTree = "<group>";
		};
		52276A95246ECF1A001CF3F8 /* MyLoseApp5 */ = {
			isa = PBXGroup;
			children = (
				ADF867DA24D053E30034C440 /* GoogleService-Info.plist */,
				AD27A59F24D038CE00972370 /* Model */,
				52276A96246ECF1A001CF3F8 /* AppDelegate.swift */,
				52276A98246ECF1A001CF3F8 /* SceneDelegate.swift */,
				52276A9A246ECF1A001CF3F8 /* ViewController.swift */,
				52CFB80A24CAED0A0019EC6A /* SearchListCell.swift */,
				52276AAD246ECF69001CF3F8 /* SearchListController.swift */,
				52276A9C246ECF1A001CF3F8 /* Main.storyboard */,
				5204F5C4248C53A1002FCB45 /* MapWriteController.swift */,
				5263F9AC2482007200CE0E1F /* FindWriteController.swift */,
				52009B41246ED5400010425C /* WriteLookingController.swift */,
				52009B3F246ED4C40010425C /* DetailController.swift */,
				52276AA2246ECF1C001CF3F8 /* Assets.xcassets */,
				52276AA4246ECF1C001CF3F8 /* LaunchScreen.storyboard */,
				52276AA7246ECF1C001CF3F8 /* Info.plist */,
				52276A9F246ECF1A001CF3F8 /* MyLoseApp5.xcdatamodeld */,
			);
			path = MyLoseApp5;
			sourceTree = "<group>";
		};
		AD27A59F24D038CE00972370 /* Model */ = {
			isa = PBXGroup;
			children = (
				ADF867D624D039EC0034C440 /* Animal.swift */,
				ADF867D824D0497E0034C440 /* Constants.swift */,
			);
			name = Model;
			sourceTree = "<group>";
		};
/* End PBXGroup section */

/* Begin PBXNativeTarget section */
		52276A92246ECF1A001CF3F8 /* MyLoseApp5 */ = {
			isa = PBXNativeTarget;
			buildConfigurationList = 52276AAA246ECF1C001CF3F8 /* Build configuration list for PBXNativeTarget "MyLoseApp5" */;
			buildPhases = (
				39EC7D1E1FC1D6131032CBCA /* [CP] Check Pods Manifest.lock */,
				52276A8F246ECF1A001CF3F8 /* Sources */,
				52276A90246ECF1A001CF3F8 /* Frameworks */,
				52276A91246ECF1A001CF3F8 /* Resources */,
				F4A127C35609F6EBCEB2DF29 /* [CP] Embed Pods Frameworks */,
			);
			buildRules = (
			);
			dependencies = (
			);
			name = MyLoseApp5;
			productName = MyLoseApp5;
			productReference = 52276A93246ECF1A001CF3F8 /* MyLoseApp5.app */;
			productType = "com.apple.product-type.application";
		};
/* End PBXNativeTarget section */

/* Begin PBXProject section */
		52276A8B246ECF1A001CF3F8 /* Project object */ = {
			isa = PBXProject;
			attributes = {
				LastSwiftUpdateCheck = 1140;
				LastUpgradeCheck = 1140;
				ORGANIZATIONNAME = kawamuramei;
				TargetAttributes = {
					52276A92246ECF1A001CF3F8 = {
						CreatedOnToolsVersion = 11.4.1;
					};
				};
			};
			buildConfigurationList = 52276A8E246ECF1A001CF3F8 /* Build configuration list for PBXProject "MyLoseApp5" */;
			compatibilityVersion = "Xcode 9.3";
			developmentRegion = en;
			hasScannedForEncodings = 0;
			knownRegions = (
				en,
				Base,
			);
			mainGroup = 52276A8A246ECF1A001CF3F8;
			productRefGroup = 52276A94246ECF1A001CF3F8 /* Products */;
			projectDirPath = "";
			projectRoot = "";
			targets = (
				52276A92246ECF1A001CF3F8 /* MyLoseApp5 */,
			);
		};
/* End PBXProject section */

/* Begin PBXResourcesBuildPhase section */
		52276A91246ECF1A001CF3F8 /* Resources */ = {
			isa = PBXResourcesBuildPhase;
			buildActionMask = 2147483647;
			files = (
				52276AA6246ECF1C001CF3F8 /* LaunchScreen.storyboard in Resources */,
				ADF867DB24D053E30034C440 /* GoogleService-Info.plist in Resources */,
				52276AA3246ECF1C001CF3F8 /* Assets.xcassets in Resources */,
				52276A9E246ECF1A001CF3F8 /* Main.storyboard in Resources */,
			);
			runOnlyForDeploymentPostprocessing = 0;
		};
/* End PBXResourcesBuildPhase section */

/* Begin PBXShellScriptBuildPhase section */
		39EC7D1E1FC1D6131032CBCA /* [CP] Check Pods Manifest.lock */ = {
			isa = PBXShellScriptBuildPhase;
			buildActionMask = 2147483647;
			files = (
			);
			inputFileListPaths = (
			);
			inputPaths = (
				"${PODS_PODFILE_DIR_PATH}/Podfile.lock",
				"${PODS_ROOT}/Manifest.lock",
			);
			name = "[CP] Check Pods Manifest.lock";
			outputFileListPaths = (
			);
			outputPaths = (
				"$(DERIVED_FILE_DIR)/Pods-MyLoseApp5-checkManifestLockResult.txt",
			);
			runOnlyForDeploymentPostprocessing = 0;
			shellPath = /bin/sh;
			shellScript = "diff \"${PODS_PODFILE_DIR_PATH}/Podfile.lock\" \"${PODS_ROOT}/Manifest.lock\" > /dev/null\nif [ $? != 0 ] ; then\n    # print error to STDERR\n    echo \"error: The sandbox is not in sync with the Podfile.lock. Run 'pod install' or update your CocoaPods installation.\" >&2\n    exit 1\nfi\n# This output is used by Xcode 'outputs' to avoid re-running this script phase.\necho \"SUCCESS\" > \"${SCRIPT_OUTPUT_FILE_0}\"\n";
			showEnvVarsInLog = 0;
		};
		F4A127C35609F6EBCEB2DF29 /* [CP] Embed Pods Frameworks */ = {
			isa = PBXShellScriptBuildPhase;
			buildActionMask = 2147483647;
			files = (
			);
			inputFileListPaths = (
				"${PODS_ROOT}/Target Support Files/Pods-MyLoseApp5/Pods-MyLoseApp5-frameworks-${CONFIGURATION}-input-files.xcfilelist",
			);
			name = "[CP] Embed Pods Frameworks";
			outputFileListPaths = (
				"${PODS_ROOT}/Target Support Files/Pods-MyLoseApp5/Pods-MyLoseApp5-frameworks-${CONFIGURATION}-output-files.xcfilelist",
			);
			runOnlyForDeploymentPostprocessing = 0;
			shellPath = /bin/sh;
			shellScript = "\"${PODS_ROOT}/Target Support Files/Pods-MyLoseApp5/Pods-MyLoseApp5-frameworks.sh\"\n";
			showEnvVarsInLog = 0;
		};
/* End PBXShellScriptBuildPhase section */

/* Begin PBXSourcesBuildPhase section */
		52276A8F246ECF1A001CF3F8 /* Sources */ = {
			isa = PBXSourcesBuildPhase;
			buildActionMask = 2147483647;
			files = (
				ADF867D724D039EC0034C440 /* Animal.swift in Sources */,
				52276A9B246ECF1A001CF3F8 /* ViewController.swift in Sources */,
				52CFB80B24CAED0A0019EC6A /* SearchListCell.swift in Sources */,
				52276A97246ECF1A001CF3F8 /* AppDelegate.swift in Sources */,
				52009B42246ED5400010425C /* WriteLookingController.swift in Sources */,
				52276AAE246ECF69001CF3F8 /* SearchListController.swift in Sources */,
				5263F9AD2482007200CE0E1F /* FindWriteController.swift in Sources */,
				52276AA1246ECF1A001CF3F8 /* MyLoseApp5.xcdatamodeld in Sources */,
				5204F5C5248C53A1002FCB45 /* MapWriteController.swift in Sources */,
				52009B40246ED4C40010425C /* DetailController.swift in Sources */,
				52276A99246ECF1A001CF3F8 /* SceneDelegate.swift in Sources */,
				ADF867D924D0497E0034C440 /* Constants.swift in Sources */,
			);
			runOnlyForDeploymentPostprocessing = 0;
		};
/* End PBXSourcesBuildPhase section */

/* Begin PBXVariantGroup section */
		52276A9C246ECF1A001CF3F8 /* Main.storyboard */ = {
			isa = PBXVariantGroup;
			children = (
				52276A9D246ECF1A001CF3F8 /* Base */,
			);
			name = Main.storyboard;
			sourceTree = "<group>";
		};
		52276AA4246ECF1C001CF3F8 /* LaunchScreen.storyboard */ = {
			isa = PBXVariantGroup;
			children = (
				52276AA5246ECF1C001CF3F8 /* Base */,
			);
			name = LaunchScreen.storyboard;
			sourceTree = "<group>";
		};
/* End PBXVariantGroup section */

/* Begin XCBuildConfiguration section */
		52276AA8246ECF1C001CF3F8 /* Debug */ = {
			isa = XCBuildConfiguration;
			buildSettings = {
				ALWAYS_SEARCH_USER_PATHS = NO;
				CLANG_ANALYZER_NONNULL = YES;
				CLANG_ANALYZER_NUMBER_OBJECT_CONVERSION = YES_AGGRESSIVE;
				CLANG_CXX_LANGUAGE_STANDARD = "gnu++14";
				CLANG_CXX_LIBRARY = "libc++";
				CLANG_ENABLE_MODULES = YES;
				CLANG_ENABLE_OBJC_ARC = YES;
				CLANG_ENABLE_OBJC_WEAK = YES;
				CLANG_WARN_BLOCK_CAPTURE_AUTORELEASING = YES;
				CLANG_WARN_BOOL_CONVERSION = YES;
				CLANG_WARN_COMMA = YES;
				CLANG_WARN_CONSTANT_CONVERSION = YES;
				CLANG_WARN_DEPRECATED_OBJC_IMPLEMENTATIONS = YES;
				CLANG_WARN_DIRECT_OBJC_ISA_USAGE = YES_ERROR;
				CLANG_WARN_DOCUMENTATION_COMMENTS = YES;
				CLANG_WARN_EMPTY_BODY = YES;
				CLANG_WARN_ENUM_CONVERSION = YES;
				CLANG_WARN_INFINITE_RECURSION = YES;
				CLANG_WARN_INT_CONVERSION = YES;
				CLANG_WARN_NON_LITERAL_NULL_CONVERSION = YES;
				CLANG_WARN_OBJC_IMPLICIT_RETAIN_SELF = YES;
				CLANG_WARN_OBJC_LITERAL_CONVERSION = YES;
				CLANG_WARN_OBJC_ROOT_CLASS = YES_ERROR;
				CLANG_WARN_RANGE_LOOP_ANALYSIS = YES;
				CLANG_WARN_STRICT_PROTOTYPES = YES;
				CLANG_WARN_SUSPICIOUS_MOVE = YES;
				CLANG_WARN_UNGUARDED_AVAILABILITY = YES_AGGRESSIVE;
				CLANG_WARN_UNREACHABLE_CODE = YES;
				CLANG_WARN__DUPLICATE_METHOD_MATCH = YES;
				COPY_PHASE_STRIP = NO;
				DEBUG_INFORMATION_FORMAT = dwarf;
				ENABLE_STRICT_OBJC_MSGSEND = YES;
				ENABLE_TESTABILITY = YES;
				GCC_C_LANGUAGE_STANDARD = gnu11;
				GCC_DYNAMIC_NO_PIC = NO;
				GCC_NO_COMMON_BLOCKS = YES;
				GCC_OPTIMIZATION_LEVEL = 0;
				GCC_PREPROCESSOR_DEFINITIONS = (
					"DEBUG=1",
					"$(inherited)",
				);
				GCC_WARN_64_TO_32_BIT_CONVERSION = YES;
				GCC_WARN_ABOUT_RETURN_TYPE = YES_ERROR;
				GCC_WARN_UNDECLARED_SELECTOR = YES;
				GCC_WARN_UNINITIALIZED_AUTOS = YES_AGGRESSIVE;
				GCC_WARN_UNUSED_FUNCTION = YES;
				GCC_WARN_UNUSED_VARIABLE = YES;
				IPHONEOS_DEPLOYMENT_TARGET = 13.4;
				MTL_ENABLE_DEBUG_INFO = INCLUDE_SOURCE;
				MTL_FAST_MATH = YES;
				ONLY_ACTIVE_ARCH = YES;
				SDKROOT = iphoneos;
				SWIFT_ACTIVE_COMPILATION_CONDITIONS = DEBUG;
				SWIFT_OPTIMIZATION_LEVEL = "-Onone";
			};
			name = Debug;
		};
		52276AA9246ECF1C001CF3F8 /* Release */ = {
			isa = XCBuildConfiguration;
			buildSettings = {
				ALWAYS_SEARCH_USER_PATHS = NO;
				CLANG_ANALYZER_NONNULL = YES;
				CLANG_ANALYZER_NUMBER_OBJECT_CONVERSION = YES_AGGRESSIVE;
				CLANG_CXX_LANGUAGE_STANDARD = "gnu++14";
				CLANG_CXX_LIBRARY = "libc++";
				CLANG_ENABLE_MODULES = YES;
				CLANG_ENABLE_OBJC_ARC = YES;
				CLANG_ENABLE_OBJC_WEAK = YES;
				CLANG_WARN_BLOCK_CAPTURE_AUTORELEASING = YES;
				CLANG_WARN_BOOL_CONVERSION = YES;
				CLANG_WARN_COMMA = YES;
				CLANG_WARN_CONSTANT_CONVERSION = YES;
				CLANG_WARN_DEPRECATED_OBJC_IMPLEMENTATIONS = YES;
				CLANG_WARN_DIRECT_OBJC_ISA_USAGE = YES_ERROR;
				CLANG_WARN_DOCUMENTATION_COMMENTS = YES;
				CLANG_WARN_EMPTY_BODY = YES;
				CLANG_WARN_ENUM_CONVERSION = YES;
				CLANG_WARN_INFINITE_RECURSION = YES;
				CLANG_WARN_INT_CONVERSION = YES;
				CLANG_WARN_NON_LITERAL_NULL_CONVERSION = YES;
				CLANG_WARN_OBJC_IMPLICIT_RETAIN_SELF = YES;
				CLANG_WARN_OBJC_LITERAL_CONVERSION = YES;
				CLANG_WARN_OBJC_ROOT_CLASS = YES_ERROR;
				CLANG_WARN_RANGE_LOOP_ANALYSIS = YES;
				CLANG_WARN_STRICT_PROTOTYPES = YES;
				CLANG_WARN_SUSPICIOUS_MOVE = YES;
				CLANG_WARN_UNGUARDED_AVAILABILITY = YES_AGGRESSIVE;
				CLANG_WARN_UNREACHABLE_CODE = YES;
				CLANG_WARN__DUPLICATE_METHOD_MATCH = YES;
				COPY_PHASE_STRIP = NO;
				DEBUG_INFORMATION_FORMAT = "dwarf-with-dsym";
				ENABLE_NS_ASSERTIONS = NO;
				ENABLE_STRICT_OBJC_MSGSEND = YES;
				GCC_C_LANGUAGE_STANDARD = gnu11;
				GCC_NO_COMMON_BLOCKS = YES;
				GCC_WARN_64_TO_32_BIT_CONVERSION = YES;
				GCC_WARN_ABOUT_RETURN_TYPE = YES_ERROR;
				GCC_WARN_UNDECLARED_SELECTOR = YES;
				GCC_WARN_UNINITIALIZED_AUTOS = YES_AGGRESSIVE;
				GCC_WARN_UNUSED_FUNCTION = YES;
				GCC_WARN_UNUSED_VARIABLE = YES;
				IPHONEOS_DEPLOYMENT_TARGET = 13.4;
				MTL_ENABLE_DEBUG_INFO = NO;
				MTL_FAST_MATH = YES;
				SDKROOT = iphoneos;
				SWIFT_COMPILATION_MODE = wholemodule;
				SWIFT_OPTIMIZATION_LEVEL = "-O";
				VALIDATE_PRODUCT = YES;
			};
			name = Release;
		};
		52276AAB246ECF1C001CF3F8 /* Debug */ = {
			isa = XCBuildConfiguration;
			baseConfigurationReference = 74A5776CE5A987C14E34528D /* Pods-MyLoseApp5.debug.xcconfig */;
			buildSettings = {
				ASSETCATALOG_COMPILER_APPICON_NAME = AppIcon;
				CODE_SIGN_STYLE = Automatic;
				INFOPLIST_FILE = MyLoseApp5/Info.plist;
				IPHONEOS_DEPLOYMENT_TARGET = 13.5;
				LD_RUNPATH_SEARCH_PATHS = (
					"$(inherited)",
					"@executable_path/Frameworks",
				);
				PRODUCT_BUNDLE_IDENTIFIER = com.gmail.0801momiji.MyLoseApp5;
				PRODUCT_NAME = "$(TARGET_NAME)";
				SWIFT_VERSION = 5.0;
				TARGETED_DEVICE_FAMILY = "1,2";
			};
			name = Debug;
		};
		52276AAC246ECF1C001CF3F8 /* Release */ = {
			isa = XCBuildConfiguration;
			baseConfigurationReference = 31DAE5C66A4264FE30F9D63B /* Pods-MyLoseApp5.release.xcconfig */;
			buildSettings = {
				ASSETCATALOG_COMPILER_APPICON_NAME = AppIcon;
				CODE_SIGN_STYLE = Automatic;
				INFOPLIST_FILE = MyLoseApp5/Info.plist;
				IPHONEOS_DEPLOYMENT_TARGET = 13.5;
				LD_RUNPATH_SEARCH_PATHS = (
					"$(inherited)",
					"@executable_path/Frameworks",
				);
				PRODUCT_BUNDLE_IDENTIFIER = com.gmail.0801momiji.MyLoseApp5;
				PRODUCT_NAME = "$(TARGET_NAME)";
				SWIFT_VERSION = 5.0;
				TARGETED_DEVICE_FAMILY = "1,2";
			};
			name = Release;
		};
/* End XCBuildConfiguration section */

/* Begin XCConfigurationList section */
		52276A8E246ECF1A001CF3F8 /* Build configuration list for PBXProject "MyLoseApp5" */ = {
			isa = XCConfigurationList;
			buildConfigurations = (
				52276AA8246ECF1C001CF3F8 /* Debug */,
				52276AA9246ECF1C001CF3F8 /* Release */,
			);
			defaultConfigurationIsVisible = 0;
			defaultConfigurationName = Release;
		};
		52276AAA246ECF1C001CF3F8 /* Build configuration list for PBXNativeTarget "MyLoseApp5" */ = {
			isa = XCConfigurationList;
			buildConfigurations = (
				52276AAB246ECF1C001CF3F8 /* Debug */,
				52276AAC246ECF1C001CF3F8 /* Release */,
			);
			defaultConfigurationIsVisible = 0;
			defaultConfigurationName = Release;
		};
/* End XCConfigurationList section */

/* Begin XCVersionGroup section */
		52276A9F246ECF1A001CF3F8 /* MyLoseApp5.xcdatamodeld */ = {
			isa = XCVersionGroup;
			children = (
				52276AA0246ECF1A001CF3F8 /* MyLoseApp5.xcdatamodel */,
			);
			currentVersion = 52276AA0246ECF1A001CF3F8 /* MyLoseApp5.xcdatamodel */;
			path = MyLoseApp5.xcdatamodeld;
			sourceTree = "<group>";
			versionGroupType = wrapper.xcdatamodel;
		};
/* End XCVersionGroup section */
	};
	rootObject = 52276A8B246ECF1A001CF3F8 /* Project object */;
}
